
Microsoft Visual Studio Solution File, Format Version 12.00
# Visual Studio 15
VisualStudioVersion = 15.0.26228.10
MinimumVisualStudioVersion = 10.0.40219.1
Project("{FAE04EC0-301F-11D3-BF4B-00C04F79EFBC}") = "Aop.Demo", "Aop.Demo\Aop.Demo.csproj", "{379E03FE-9F3D-4FAE-BDDD-778503C42252}"
EndProject
Project("{FAE04EC0-301F-11D3-BF4B-00C04F79EFBC}") = "Aop.Autofac.Demo", "Aop.Autofac.Demo\Aop.Autofac.Demo.csproj", "{A73E3332-A076-43BE-9983-88A2D3931CFF}"
EndProject
Project("{FAE04EC0-301F-11D3-BF4B-00C04F79EFBC}") = "Decorator.Pattern", "Decorator.Pattern\Decorator.Pattern.csproj", "{33A4C32B-0FB4-4454-87D7-32D5A0A1C80E}"
EndProject
Global
	GlobalSection(SolutionConfigurationPlatforms) = preSolution
		Debug|Any CPU = Debug|Any CPU
		Release|Any CPU = Release|Any CPU
	EndGlobalSection
	GlobalSection(ProjectConfigurationPlatforms) = postSolution
		{379E03FE-9F3D-4FAE-BDDD-778503C42252}.Debug|Any CPU.ActiveCfg = Debug|Any CPU
		{379E03FE-9F3D-4FAE-BDDD-778503C42252}.Debug|Any CPU.Build.0 = Debug|Any CPU
		{379E03FE-9F3D-4FAE-BDDD-778503C42252}.Release|Any CPU.ActiveCfg = Release|Any CPU
		{379E03FE-9F3D-4FAE-BDDD-778503C42252}.Release|Any CPU.Build.0 = Release|Any CPU
		{A73E3332-A076-43BE-9983-88A2D3931CFF}.Debug|Any CPU.ActiveCfg = Debug|Any CPU
		{A73E3332-A076-43BE-9983-88A2D3931CFF}.Debug|Any CPU.Build.0 = Debug|Any CPU
		{A73E3332-A076-43BE-9983-88A2D3931CFF}.Release|Any CPU.ActiveCfg = Release|Any CPU
		{A73E3332-A076-43BE-9983-88A2D3931CFF}.Release|Any CPU.Build.0 = Release|Any CPU
		{33A4C32B-0FB4-4454-87D7-32D5A0A1C80E}.Debug|Any CPU.ActiveCfg = Debug|Any CPU
		{33A4C32B-0FB4-4454-87D7-32D5A0A1C80E}.Debug|Any CPU.Build.0 = Debug|Any CPU
		{33A4C32B-0FB4-4454-87D7-32D5A0A1C80E}.Release|Any CPU.ActiveCfg = Release|Any CPU
		{33A4C32B-0FB4-4454-87D7-32D5A0A1C80E}.Release|Any CPU.Build.0 = Release|Any CPU
	EndGlobalSection
	GlobalSection(SolutionProperties) = preSolution
		HideSolutionNode = FALSE
	EndGlobalSection
EndGlobal
